
Microsoft Visual Studio Solution File, Format Version 12.00
# Visual Studio Version 17
VisualStudioVersion = 17.14.36414.22 d17.14
MinimumVisualStudioVersion = 10.0.40219.1
Project("{FAE04EC0-301F-11D3-BF4B-00C04F79EFBC}") = "UsedBookWebStore", "UsedBookWebStore\UsedBookWebStore.csproj", "{C02E7A8F-DDDC-4862-B8FC-B78AF42B5C23}"
EndProject
Global
	GlobalSection(SolutionConfigurationPlatforms) = preSolution
		Debug|Any CPU = Debug|Any CPU
		Release|Any CPU = Release|Any CPU
	EndGlobalSection
	GlobalSection(ProjectConfigurationPlatforms) = postSolution
		{C02E7A8F-DDDC-4862-B8FC-B78AF42B5C23}.Debug|Any CPU.ActiveCfg = Debug|Any CPU
		{C02E7A8F-DDDC-4862-B8FC-B78AF42B5C23}.Debug|Any CPU.Build.0 = Debug|Any CPU
		{C02E7A8F-DDDC-4862-B8FC-B78AF42B5C23}.Release|Any CPU.ActiveCfg = Release|Any CPU
		{C02E7A8F-DDDC-4862-B8FC-B78AF42B5C23}.Release|Any CPU.Build.0 = Release|Any CPU
	EndGlobalSection
	GlobalSection(SolutionProperties) = preSolution
		HideSolutionNode = FALSE
	EndGlobalSection
	GlobalSection(ExtensibilityGlobals) = postSolution
		SolutionGuid = {2C3199BD-A494-4EF2-925A-C476EB5442F9}
	EndGlobalSection
EndGlobal
